
Microsoft Visual Studio Solution File, Format Version 12.00
# Visual Studio Version 17
VisualStudioVersion = 17.14.36203.30
MinimumVisualStudioVersion = 10.0.40219.1
Project("{FAE04EC0-301F-11D3-BF4B-00C04F79EFBC}") = "ConsoleApp5", "ConsoleApp5.csproj", "{86A87596-51AF-412D-B664-72C58F576C5E}"
EndProject
Project("{FAE04EC0-301F-11D3-BF4B-00C04F79EFBC}") = "ConsoleApp2", "..\ConsoleApp2\ConsoleApp2\ConsoleApp2.csproj", "{671455F7-8414-E200-78EC-C9C02456B286}"
EndProject
Project("{FAE04EC0-301F-11D3-BF4B-00C04F79EFBC}") = "ConsoleApp1", "..\ConsoleApp1\ConsoleApp1\ConsoleApp1.csproj", "{2B78E703-F58A-0DC0-93F3-304575A04C67}"
EndProject
Project("{FAE04EC0-301F-11D3-BF4B-00C04F79EFBC}") = "ConsoleApp3", "..\ConsoleApp3\ConsoleApp3.csproj", "{3BE4668D-78AE-7DB5-80DF-8BB783EB8536}"
EndProject
Project("{FAE04EC0-301F-11D3-BF4B-00C04F79EFBC}") = "ConsoleApp4", "..\ConsoleApp4\ConsoleApp4.csproj", "{C87E4BD5-C901-845E-7352-9D4826A62E6F}"
EndProject
Global
	GlobalSection(SolutionConfigurationPlatforms) = preSolution
		Debug|Any CPU = Debug|Any CPU
		Release|Any CPU = Release|Any CPU
	EndGlobalSection
	GlobalSection(ProjectConfigurationPlatforms) = postSolution
		{86A87596-51AF-412D-B664-72C58F576C5E}.Debug|Any CPU.ActiveCfg = Debug|Any CPU
		{86A87596-51AF-412D-B664-72C58F576C5E}.Debug|Any CPU.Build.0 = Debug|Any CPU
		{86A87596-51AF-412D-B664-72C58F576C5E}.Release|Any CPU.ActiveCfg = Release|Any CPU
		{86A87596-51AF-412D-B664-72C58F576C5E}.Release|Any CPU.Build.0 = Release|Any CPU
		{671455F7-8414-E200-78EC-C9C02456B286}.Debug|Any CPU.ActiveCfg = Debug|Any CPU
		{671455F7-8414-E200-78EC-C9C02456B286}.Debug|Any CPU.Build.0 = Debug|Any CPU
		{671455F7-8414-E200-78EC-C9C02456B286}.Release|Any CPU.ActiveCfg = Release|Any CPU
		{671455F7-8414-E200-78EC-C9C02456B286}.Release|Any CPU.Build.0 = Release|Any CPU
		{2B78E703-F58A-0DC0-93F3-304575A04C67}.Debug|Any CPU.ActiveCfg = Debug|Any CPU
		{2B78E703-F58A-0DC0-93F3-304575A04C67}.Debug|Any CPU.Build.0 = Debug|Any CPU
		{2B78E703-F58A-0DC0-93F3-304575A04C67}.Release|Any CPU.ActiveCfg = Release|Any CPU
		{2B78E703-F58A-0DC0-93F3-304575A04C67}.Release|Any CPU.Build.0 = Release|Any CPU
		{3BE4668D-78AE-7DB5-80DF-8BB783EB8536}.Debug|Any CPU.ActiveCfg = Debug|Any CPU
		{3BE4668D-78AE-7DB5-80DF-8BB783EB8536}.Debug|Any CPU.Build.0 = Debug|Any CPU
		{3BE4668D-78AE-7DB5-80DF-8BB783EB8536}.Release|Any CPU.ActiveCfg = Release|Any CPU
		{3BE4668D-78AE-7DB5-80DF-8BB783EB8536}.Release|Any CPU.Build.0 = Release|Any CPU
		{C87E4BD5-C901-845E-7352-9D4826A62E6F}.Debug|Any CPU.ActiveCfg = Debug|Any CPU
		{C87E4BD5-C901-845E-7352-9D4826A62E6F}.Debug|Any CPU.Build.0 = Debug|Any CPU
		{C87E4BD5-C901-845E-7352-9D4826A62E6F}.Release|Any CPU.ActiveCfg = Release|Any CPU
		{C87E4BD5-C901-845E-7352-9D4826A62E6F}.Release|Any CPU.Build.0 = Release|Any CPU
	EndGlobalSection
	GlobalSection(SolutionProperties) = preSolution
		HideSolutionNode = FALSE
	EndGlobalSection
	GlobalSection(ExtensibilityGlobals) = postSolution
		SolutionGuid = {CCC1FD67-4A2D-49FC-A869-3073AED854D1}
	EndGlobalSection
EndGlobal
